# This file was autogenerated by Stack.
# You should not edit this file by hand.
# For more information, please see the documentation at:
#   https://docs.haskellstack.org/en/stable/lock_files

packages:
- completed:
    hackage: morpheus-graphql-0.8.0@sha256:4971cec4de9c5e49b9b2c82e371ceae0579b7a5a9fa6c81f3df81856e8cc4dde,24172
    pantry-tree:
      size: 35408
      sha256: 94a33bcbaa593e93f871399ea792d0f1faacd005dccfa9eba1f67229e80e9fd9
  original:
    hackage: morpheus-graphql-0.8.0
- completed:
    hackage: aeson-1.4.4.0@sha256:a6f5eddcff9526c786a1b77bdfade54b42f67c066b379bbc4b55ffb291e6c7d6,7251
    pantry-tree:
      size: 40193
      sha256: 7de75d80a5b3debd556ac6443f2ffeb49504c2aa08709ab8803174fc18a6ad90
  original:
    hackage: aeson-1.4.4.0
- completed:
    hackage: time-compat-1.9.2.2@sha256:9998dc1b77b5067572ab708e94750f1061152f342e92ad1aba38aae63581174d,4209
    pantry-tree:
      size: 3602
      sha256: 724a63e80871bc6709a2d3ca1c3c7316048e99c9d50b0492f0eff25ce2cecbe0
  original:
    hackage: time-compat-1.9.2.2
- completed:
    hackage: serverless-haskell-0.9.1@sha256:732cd364d2f0526a26685d12a41b14105b607e239c19f9e6dcbc399daa5c9819,2528
    pantry-tree:
      size: 1614
      sha256: 7b82553a99f9d852b20af89172bf68d4ea729571e1cbf89fb8bbc3c9a1c753dc
  original:
    hackage: serverless-haskell-0.9.1
- completed:
    hackage: amazonka-kinesis-1.6.1@sha256:439479d6d7f4a731a2f1feeb3a4c653d266c11d655cd4085608e157eb524c51b,3998
    pantry-tree:
      size: 6151
      sha256: 093cc250ae84c361bbeb2c3b8974f811f5110b638f89b65c9d51a940e2363331
  original:
    hackage: amazonka-kinesis-1.6.1
- completed:
    hackage: amazonka-core-1.6.1@sha256:9bc59ce403c6eeba3b3eaf3f10e5f0b6a33b6edbbf8f6de0dd6f4c67b86fa698,5135
    pantry-tree:
      size: 3438
      sha256: c13e643176308771491ec0e06390e269047bb1b28be4535992842f7426a95eb4
  original:
    hackage: amazonka-core-1.6.1
- completed:
    hackage: amazonka-s3-1.6.1@sha256:9d07240fca59ad5197fb614ce3051e701e4951e6d4625a2dab4a9c17a1900194,6317
    pantry-tree:
      size: 18385
      sha256: 5cab233d241615764d9fd6927bc397f02887154450a9932c38c2e17ea86d79bc
  original:
    hackage: amazonka-s3-1.6.1
snapshots:
- completed:
    size: 523448
    url: https://raw.githubusercontent.com/commercialhaskell/stackage-snapshots/master/lts/14/1.yaml
    sha256: 0045b9bae36c3bb2dd374c29b586389845af1557eea0423958d152fc500d4fbf
  original: lts-14.1
